
Microsoft Visual Studio Solution File, Format Version 12.00
# Visual Studio Version 17
VisualStudioVersion = 17.7.34202.233
MinimumVisualStudioVersion = 10.0.40219.1
Project("{9A19103F-16F7-4668-BE54-9A1E7A4F7556}") = "EmlakciProjemApp", "EmlakciProjemApp.csproj", "{F266C254-E2B3-4957-9682-3810D191B843}"
EndProject
Project("{FAE04EC0-301F-11D3-BF4B-00C04F79EFBC}") = "EmlakciProjemLib", "..\EmlakciProjemLib\EmlakciProjemLib.csproj", "{9C20ED0D-9686-42BE-8960-DEF918CE5914}"
EndProject
Global
	GlobalSection(SolutionConfigurationPlatforms) = preSolution
		Debug|Any CPU = Debug|Any CPU
		Release|Any CPU = Release|Any CPU
	EndGlobalSection
	GlobalSection(ProjectConfigurationPlatforms) = postSolution
		{F266C254-E2B3-4957-9682-3810D191B843}.Debug|Any CPU.ActiveCfg = Debug|Any CPU
		{F266C254-E2B3-4957-9682-3810D191B843}.Debug|Any CPU.Build.0 = Debug|Any CPU
		{F266C254-E2B3-4957-9682-3810D191B843}.Release|Any CPU.ActiveCfg = Release|Any CPU
		{F266C254-E2B3-4957-9682-3810D191B843}.Release|Any CPU.Build.0 = Release|Any CPU
		{9C20ED0D-9686-42BE-8960-DEF918CE5914}.Debug|Any CPU.ActiveCfg = Debug|Any CPU
		{9C20ED0D-9686-42BE-8960-DEF918CE5914}.Debug|Any CPU.Build.0 = Debug|Any CPU
		{9C20ED0D-9686-42BE-8960-DEF918CE5914}.Release|Any CPU.ActiveCfg = Release|Any CPU
		{9C20ED0D-9686-42BE-8960-DEF918CE5914}.Release|Any CPU.Build.0 = Release|Any CPU
	EndGlobalSection
	GlobalSection(SolutionProperties) = preSolution
		HideSolutionNode = FALSE
	EndGlobalSection
	GlobalSection(ExtensibilityGlobals) = postSolution
		SolutionGuid = {EB5273BB-FE07-4565-A8AA-50885C6648AF}
	EndGlobalSection
EndGlobal
